// !$*UTF8*$!
{
	archiveVersion = 1;
	classes = {
	};
	objectVersion = 50;
	objects = {

/* Begin PBXBuildFile section */
		063E801223048E2C001EFA2C /* Assets.xcassets in Resources */ = {isa = PBXBuildFile; fileRef = 063E801123048E2C001EFA2C /* Assets.xcassets */; };
		063E801523048E2C001EFA2C /* Main.storyboard in Resources */ = {isa = PBXBuildFile; fileRef = 063E801323048E2C001EFA2C /* Main.storyboard */; };
		063E802323048EA0001EFA2C /* DateConverter.swift in Sources */ = {isa = PBXBuildFile; fileRef = 063E801E23048EA0001EFA2C /* DateConverter.swift */; };
		063E802423048EA0001EFA2C /* Holidays.swift in Sources */ = {isa = PBXBuildFile; fileRef = 063E801F23048EA0001EFA2C /* Holidays.swift */; };
		063E802523048EA0001EFA2C /* JewishCalendarViewController.swift in Sources */ = {isa = PBXBuildFile; fileRef = 063E802023048EA0001EFA2C /* JewishCalendarViewController.swift */; };
		063E802623048EA0001EFA2C /* Parsha.swift in Sources */ = {isa = PBXBuildFile; fileRef = 063E802123048EA0001EFA2C /* Parsha.swift */; };
		063E802723048EA0001EFA2C /* CalendarView.swift in Sources */ = {isa = PBXBuildFile; fileRef = 063E802223048EA0001EFA2C /* CalendarView.swift */; };
		063E802B23048F7D001EFA2C /* AppDelegate.swift in Sources */ = {isa = PBXBuildFile; fileRef = 063E802A23048F7D001EFA2C /* AppDelegate.swift */; };
		06A32F2E23068C16000714F8 /* PreferenceViewController.swift in Sources */ = {isa = PBXBuildFile; fileRef = 06A32F2D23068C16000714F8 /* PreferenceViewController.swift */; };
		06A32F3023072A83000714F8 /* Preferences.swift in Sources */ = {isa = PBXBuildFile; fileRef = 06A32F2F23072A83000714F8 /* Preferences.swift */; };
		06A32F322307331A000714F8 /* CalendarViewDataModel.swift in Sources */ = {isa = PBXBuildFile; fileRef = 06A32F312307331A000714F8 /* CalendarViewDataModel.swift */; };
		06DD1266230D0EC90070679D /* KeyboardShortcutViewController.swift in Sources */ = {isa = PBXBuildFile; fileRef = 06DD1265230D0EC90070679D /* KeyboardShortcutViewController.swift */; };
		06DD126C230DD0220070679D /* Credits.html in Resources */ = {isa = PBXBuildFile; fileRef = 06DD126B230DD0220070679D /* Credits.html */; };
/* End PBXBuildFile section */

/* Begin PBXFileReference section */
		063E800A23048E2B001EFA2C /* Jewish Calendar.app */ = {isa = PBXFileReference; explicitFileType = wrapper.application; includeInIndex = 0; path = "Jewish Calendar.app"; sourceTree = BUILT_PRODUCTS_DIR; };
		063E801123048E2C001EFA2C /* Assets.xcassets */ = {isa = PBXFileReference; lastKnownFileType = folder.assetcatalog; path = Assets.xcassets; sourceTree = "<group>"; };
		063E801423048E2C001EFA2C /* Base */ = {isa = PBXFileReference; lastKnownFileType = file.storyboard; name = Base; path = Base.lproj/Main.storyboard; sourceTree = "<group>"; };
		063E801623048E2C001EFA2C /* Info.plist */ = {isa = PBXFileReference; lastKnownFileType = text.plist.xml; path = Info.plist; sourceTree = "<group>"; };
		063E801723048E2C001EFA2C /* Jewish_Calendar.entitlements */ = {isa = PBXFileReference; lastKnownFileType = text.plist.entitlements; path = Jewish_Calendar.entitlements; sourceTree = "<group>"; };
		063E801E23048EA0001EFA2C /* DateConverter.swift */ = {isa = PBXFileReference; fileEncoding = 4; lastKnownFileType = sourcecode.swift; path = DateConverter.swift; sourceTree = "<group>"; };
		063E801F23048EA0001EFA2C /* Holidays.swift */ = {isa = PBXFileReference; fileEncoding = 4; lastKnownFileType = sourcecode.swift; path = Holidays.swift; sourceTree = "<group>"; };
		063E802023048EA0001EFA2C /* JewishCalendarViewController.swift */ = {isa = PBXFileReference; fileEncoding = 4; lastKnownFileType = sourcecode.swift; path = JewishCalendarViewController.swift; sourceTree = "<group>"; };
		063E802123048EA0001EFA2C /* Parsha.swift */ = {isa = PBXFileReference; fileEncoding = 4; lastKnownFileType = sourcecode.swift; path = Parsha.swift; sourceTree = "<group>"; };
		063E802223048EA0001EFA2C /* CalendarView.swift */ = {isa = PBXFileReference; fileEncoding = 4; lastKnownFileType = sourcecode.swift; path = CalendarView.swift; sourceTree = "<group>"; };
		063E802A23048F7D001EFA2C /* AppDelegate.swift */ = {isa = PBXFileReference; fileEncoding = 4; lastKnownFileType = sourcecode.swift; path = AppDelegate.swift; sourceTree = "<group>"; };
		06A32F2D23068C16000714F8 /* PreferenceViewController.swift */ = {isa = PBXFileReference; lastKnownFileType = sourcecode.swift; path = PreferenceViewController.swift; sourceTree = "<group>"; };
		06A32F2F23072A83000714F8 /* Preferences.swift */ = {isa = PBXFileReference; lastKnownFileType = sourcecode.swift; path = Preferences.swift; sourceTree = "<group>"; };
		06A32F312307331A000714F8 /* CalendarViewDataModel.swift */ = {isa = PBXFileReference; lastKnownFileType = sourcecode.swift; path = CalendarViewDataModel.swift; sourceTree = "<group>"; };
		06DD1265230D0EC90070679D /* KeyboardShortcutViewController.swift */ = {isa = PBXFileReference; lastKnownFileType = sourcecode.swift; path = KeyboardShortcutViewController.swift; sourceTree = "<group>"; };
		06DD126B230DD0220070679D /* Credits.html */ = {isa = PBXFileReference; lastKnownFileType = text.html; path = Credits.html; sourceTree = "<group>"; };
/* End PBXFileReference section */

/* Begin PBXFrameworksBuildPhase section */
		063E800723048E2B001EFA2C /* Frameworks */ = {
			isa = PBXFrameworksBuildPhase;
			buildActionMask = 2147483647;
			files = (
			);
			runOnlyForDeploymentPostprocessing = 0;
		};
/* End PBXFrameworksBuildPhase section */

/* Begin PBXGroup section */
		063E800123048E2B001EFA2C = {
			isa = PBXGroup;
			children = (
				063E800C23048E2B001EFA2C /* Jewish Calendar */,
				063E800B23048E2B001EFA2C /* Products */,
			);
			sourceTree = "<group>";
		};
		063E800B23048E2B001EFA2C /* Products */ = {
			isa = PBXGroup;
			children = (
				063E800A23048E2B001EFA2C /* Jewish Calendar.app */,
			);
			name = Products;
			sourceTree = "<group>";
		};
		063E800C23048E2B001EFA2C /* Jewish Calendar */ = {
			isa = PBXGroup;
			children = (
				063E801323048E2C001EFA2C /* Main.storyboard */,
				06DD1265230D0EC90070679D /* KeyboardShortcutViewController.swift */,
				063E802023048EA0001EFA2C /* JewishCalendarViewController.swift */,
				063E802223048EA0001EFA2C /* CalendarView.swift */,
				06A32F312307331A000714F8 /* CalendarViewDataModel.swift */,
				06A32F2F23072A83000714F8 /* Preferences.swift */,
				06A32F2D23068C16000714F8 /* PreferenceViewController.swift */,
				063E801E23048EA0001EFA2C /* DateConverter.swift */,
				063E801F23048EA0001EFA2C /* Holidays.swift */,
				063E802123048EA0001EFA2C /* Parsha.swift */,
				063E802A23048F7D001EFA2C /* AppDelegate.swift */,
				063E801623048E2C001EFA2C /* Info.plist */,
				063E801123048E2C001EFA2C /* Assets.xcassets */,
				063E801723048E2C001EFA2C /* Jewish_Calendar.entitlements */,
				06DD126B230DD0220070679D /* Credits.html */,
			);
			path = "Jewish Calendar";
			sourceTree = "<group>";
		};
/* End PBXGroup section */

/* Begin PBXNativeTarget section */
		063E800923048E2B001EFA2C /* Jewish Calendar */ = {
			isa = PBXNativeTarget;
			buildConfigurationList = 063E801A23048E2C001EFA2C /* Build configuration list for PBXNativeTarget "Jewish Calendar" */;
			buildPhases = (
				063E800623048E2B001EFA2C /* Sources */,
				063E800723048E2B001EFA2C /* Frameworks */,
				063E800823048E2B001EFA2C /* Resources */,
			);
			buildRules = (
			);
			dependencies = (
			);
			name = "Jewish Calendar";
			productName = "Jewish Calendar";
			productReference = 063E800A23048E2B001EFA2C /* Jewish Calendar.app */;
			productType = "com.apple.product-type.application";
		};
/* End PBXNativeTarget section */

/* Begin PBXProject section */
		063E800223048E2B001EFA2C /* Project object */ = {
			isa = PBXProject;
			attributes = {
				LastSwiftUpdateCheck = 1000;
				LastUpgradeCheck = 1000;
				ORGANIZATIONNAME = "Frank Yellin";
				TargetAttributes = {
					063E800923048E2B001EFA2C = {
						CreatedOnToolsVersion = 10.0;
						LastSwiftMigration = 1030;
					};
				};
			};
			buildConfigurationList = 063E800523048E2B001EFA2C /* Build configuration list for PBXProject "Jewish Calendar" */;
			compatibilityVersion = "Xcode 9.3";
			developmentRegion = en;
			hasScannedForEncodings = 0;
			knownRegions = (
				en,
				Base,
			);
			mainGroup = 063E800123048E2B001EFA2C;
			productRefGroup = 063E800B23048E2B001EFA2C /* Products */;
			projectDirPath = "";
			projectRoot = "";
			targets = (
				063E800923048E2B001EFA2C /* Jewish Calendar */,
			);
		};
/* End PBXProject section */

/* Begin PBXResourcesBuildPhase section */
		063E800823048E2B001EFA2C /* Resources */ = {
			isa = PBXResourcesBuildPhase;
			buildActionMask = 2147483647;
			files = (
				063E801223048E2C001EFA2C /* Assets.xcassets in Resources */,
				06DD126C230DD0220070679D /* Credits.html in Resources */,
				063E801523048E2C001EFA2C /* Main.storyboard in Resources */,
			);
			runOnlyForDeploymentPostprocessing = 0;
		};
/* End PBXResourcesBuildPhase section */

/* Begin PBXSourcesBuildPhase section */
		063E800623048E2B001EFA2C /* Sources */ = {
			isa = PBXSourcesBuildPhase;
			buildActionMask = 2147483647;
			files = (
				063E802B23048F7D001EFA2C /* AppDelegate.swift in Sources */,
				063E802723048EA0001EFA2C /* CalendarView.swift in Sources */,
				063E802523048EA0001EFA2C /* JewishCalendarViewController.swift in Sources */,
				06DD1266230D0EC90070679D /* KeyboardShortcutViewController.swift in Sources */,
				063E802423048EA0001EFA2C /* Holidays.swift in Sources */,
				063E802623048EA0001EFA2C /* Parsha.swift in Sources */,
				06A32F2E23068C16000714F8 /* PreferenceViewController.swift in Sources */,
				06A32F3023072A83000714F8 /* Preferences.swift in Sources */,
				063E802323048EA0001EFA2C /* DateConverter.swift in Sources */,
				06A32F322307331A000714F8 /* CalendarViewDataModel.swift in Sources */,
			);
			runOnlyForDeploymentPostprocessing = 0;
		};
/* End PBXSourcesBuildPhase section */

/* Begin PBXVariantGroup section */
		063E801323048E2C001EFA2C /* Main.storyboard */ = {
			isa = PBXVariantGroup;
			children = (
				063E801423048E2C001EFA2C /* Base */,
			);
			name = Main.storyboard;
			sourceTree = "<group>";
		};
/* End PBXVariantGroup section */

/* Begin XCBuildConfiguration section */
		063E801823048E2C001EFA2C /* Debug */ = {
			isa = XCBuildConfiguration;
			buildSettings = {
				ALWAYS_SEARCH_USER_PATHS = NO;
				CLANG_ANALYZER_NONNULL = YES;
				CLANG_ANALYZER_NUMBER_OBJECT_CONVERSION = YES_AGGRESSIVE;
				CLANG_CXX_LANGUAGE_STANDARD = "gnu++14";
				CLANG_CXX_LIBRARY = "libc++";
				CLANG_ENABLE_MODULES = YES;
				CLANG_ENABLE_OBJC_ARC = YES;
				CLANG_ENABLE_OBJC_WEAK = YES;
				CLANG_WARN_BLOCK_CAPTURE_AUTORELEASING = YES;
				CLANG_WARN_BOOL_CONVERSION = YES;
				CLANG_WARN_COMMA = YES;
				CLANG_WARN_CONSTANT_CONVERSION = YES;
				CLANG_WARN_DEPRECATED_OBJC_IMPLEMENTATIONS = YES;
				CLANG_WARN_DIRECT_OBJC_ISA_USAGE = YES_ERROR;
				CLANG_WARN_DOCUMENTATION_COMMENTS = YES;
				CLANG_WARN_EMPTY_BODY = YES;
				CLANG_WARN_ENUM_CONVERSION = YES;
				CLANG_WARN_INFINITE_RECURSION = YES;
				CLANG_WARN_INT_CONVERSION = YES;
				CLANG_WARN_NON_LITERAL_NULL_CONVERSION = YES;
				CLANG_WARN_OBJC_IMPLICIT_RETAIN_SELF = YES;
				CLANG_WARN_OBJC_LITERAL_CONVERSION = YES;
				CLANG_WARN_OBJC_ROOT_CLASS = YES_ERROR;
				CLANG_WARN_RANGE_LOOP_ANALYSIS = YES;
				CLANG_WARN_STRICT_PROTOTYPES = YES;
				CLANG_WARN_SUSPICIOUS_MOVE = YES;
				CLANG_WARN_UNGUARDED_AVAILABILITY = YES_AGGRESSIVE;
				CLANG_WARN_UNREACHABLE_CODE = YES;
				CLANG_WARN__DUPLICATE_METHOD_MATCH = YES;
				CODE_SIGN_IDENTITY = "-";
				COPY_PHASE_STRIP = NO;
				DEBUG_INFORMATION_FORMAT = dwarf;
				ENABLE_STRICT_OBJC_MSGSEND = YES;
				ENABLE_TESTABILITY = YES;
				GCC_C_LANGUAGE_STANDARD = gnu11;
				GCC_DYNAMIC_NO_PIC = NO;
				GCC_NO_COMMON_BLOCKS = YES;
				GCC_OPTIMIZATION_LEVEL = 0;
				GCC_PREPROCESSOR_DEFINITIONS = (
					"DEBUG=1",
					"$(inherited)",
				);
				GCC_WARN_64_TO_32_BIT_CONVERSION = YES;
				GCC_WARN_ABOUT_RETURN_TYPE = YES_ERROR;
				GCC_WARN_UNDECLARED_SELECTOR = YES;
				GCC_WARN_UNINITIALIZED_AUTOS = YES_AGGRESSIVE;
				GCC_WARN_UNUSED_FUNCTION = YES;
				GCC_WARN_UNUSED_VARIABLE = YES;
				MACOSX_DEPLOYMENT_TARGET = 10.14;
				MTL_ENABLE_DEBUG_INFO = INCLUDE_SOURCE;
				MTL_FAST_MATH = YES;
				ONLY_ACTIVE_ARCH = YES;
				SDKROOT = macosx;
				SWIFT_ACTIVE_COMPILATION_CONDITIONS = DEBUG;
				SWIFT_OPTIMIZATION_LEVEL = "-Onone";
			};
			name = Debug;
		};
		063E801923048E2C001EFA2C /* Release */ = {
			isa = XCBuildConfiguration;
			buildSettings = {
				ALWAYS_SEARCH_USER_PATHS = NO;
				CLANG_ANALYZER_NONNULL = YES;
				CLANG_ANALYZER_NUMBER_OBJECT_CONVERSION = YES_AGGRESSIVE;
				CLANG_CXX_LANGUAGE_STANDARD = "gnu++14";
				CLANG_CXX_LIBRARY = "libc++";
				CLANG_ENABLE_MODULES = YES;
				CLANG_ENABLE_OBJC_ARC = YES;
				CLANG_ENABLE_OBJC_WEAK = YES;
				CLANG_WARN_BLOCK_CAPTURE_AUTORELEASING = YES;
				CLANG_WARN_BOOL_CONVERSION = YES;
				CLANG_WARN_COMMA = YES;
				CLANG_WARN_CONSTANT_CONVERSION = YES;
				CLANG_WARN_DEPRECATED_OBJC_IMPLEMENTATIONS = YES;
				CLANG_WARN_DIRECT_OBJC_ISA_USAGE = YES_ERROR;
				CLANG_WARN_DOCUMENTATION_COMMENTS = YES;
				CLANG_WARN_EMPTY_BODY = YES;
				CLANG_WARN_ENUM_CONVERSION = YES;
				CLANG_WARN_INFINITE_RECURSION = YES;
				CLANG_WARN_INT_CONVERSION = YES;
				CLANG_WARN_NON_LITERAL_NULL_CONVERSION = YES;
				CLANG_WARN_OBJC_IMPLICIT_RETAIN_SELF = YES;
				CLANG_WARN_OBJC_LITERAL_CONVERSION = YES;
				CLANG_WARN_OBJC_ROOT_CLASS = YES_ERROR;
				CLANG_WARN_RANGE_LOOP_ANALYSIS = YES;
				CLANG_WARN_STRICT_PROTOTYPES = YES;
				CLANG_WARN_SUSPICIOUS_MOVE = YES;
				CLANG_WARN_UNGUARDED_AVAILABILITY = YES_AGGRESSIVE;
				CLANG_WARN_UNREACHABLE_CODE = YES;
				CLANG_WARN__DUPLICATE_METHOD_MATCH = YES;
				CODE_SIGN_IDENTITY = "-";
				COPY_PHASE_STRIP = NO;
				DEBUG_INFORMATION_FORMAT = "dwarf-with-dsym";
				ENABLE_NS_ASSERTIONS = NO;
				ENABLE_STRICT_OBJC_MSGSEND = YES;
				GCC_C_LANGUAGE_STANDARD = gnu11;
				GCC_NO_COMMON_BLOCKS = YES;
				GCC_WARN_64_TO_32_BIT_CONVERSION = YES;
				GCC_WARN_ABOUT_RETURN_TYPE = YES_ERROR;
				GCC_WARN_UNDECLARED_SELECTOR = YES;
				GCC_WARN_UNINITIALIZED_AUTOS = YES_AGGRESSIVE;
				GCC_WARN_UNUSED_FUNCTION = YES;
				GCC_WARN_UNUSED_VARIABLE = YES;
				MACOSX_DEPLOYMENT_TARGET = 10.14;
				MTL_ENABLE_DEBUG_INFO = NO;
				MTL_FAST_MATH = YES;
				SDKROOT = macosx;
				SWIFT_COMPILATION_MODE = wholemodule;
				SWIFT_OPTIMIZATION_LEVEL = "-O";
			};
			name = Release;
		};
		063E801B23048E2C001EFA2C /* Debug */ = {
			isa = XCBuildConfiguration;
			buildSettings = {
				ASSETCATALOG_COMPILER_APPICON_NAME = AppIcon;
				CLANG_ENABLE_MODULES = YES;
				CODE_SIGN_STYLE = Automatic;
				COMBINE_HIDPI_IMAGES = YES;
				DEVELOPMENT_TEAM = 29HA8F33VP;
				INFOPLIST_FILE = "Jewish Calendar/Info.plist";
				LD_RUNPATH_SEARCH_PATHS = (
					"$(inherited)",
					"@executable_path/../Frameworks",
				);
				MACOSX_DEPLOYMENT_TARGET = 10.11;
				PRODUCT_BUNDLE_IDENTIFIER = com.jewcal.app;
				PRODUCT_NAME = "$(TARGET_NAME)";
				SWIFT_OPTIMIZATION_LEVEL = "-Onone";
				SWIFT_VERSION = 5.0;
			};
			name = Debug;
		};
		063E801C23048E2C001EFA2C /* Release */ = {
			isa = XCBuildConfiguration;
			buildSettings = {
				ASSETCATALOG_COMPILER_APPICON_NAME = AppIcon;
				CLANG_ENABLE_MODULES = YES;
				CODE_SIGN_STYLE = Automatic;
				COMBINE_HIDPI_IMAGES = YES;
				DEVELOPMENT_TEAM = 29HA8F33VP;
				INFOPLIST_FILE = "Jewish Calendar/Info.plist";
				LD_RUNPATH_SEARCH_PATHS = (
					"$(inherited)",
					"@executable_path/../Frameworks",
				);
				MACOSX_DEPLOYMENT_TARGET = 10.11;
				PRODUCT_BUNDLE_IDENTIFIER = com.jewcal.app;
				PRODUCT_NAME = "$(TARGET_NAME)";
				SWIFT_VERSION = 5.0;
			};
			name = Release;
		};
/* End XCBuildConfiguration section */

/* Begin XCConfigurationList section */
		063E800523048E2B001EFA2C /* Build configuration list for PBXProject "Jewish Calendar" */ = {
			isa = XCConfigurationList;
			buildConfigurations = (
				063E801823048E2C001EFA2C /* Debug */,
				063E801923048E2C001EFA2C /* Release */,
			);
			defaultConfigurationIsVisible = 0;
			defaultConfigurationName = Release;
		};
		063E801A23048E2C001EFA2C /* Build configuration list for PBXNativeTarget "Jewish Calendar" */ = {
			isa = XCConfigurationList;
			buildConfigurations = (
				063E801B23048E2C001EFA2C /* Debug */,
				063E801C23048E2C001EFA2C /* Release */,
			);
			defaultConfigurationIsVisible = 0;
			defaultConfigurationName = Release;
		};
/* End XCConfigurationList section */
	};
	rootObject = 063E800223048E2B001EFA2C /* Project object */;
}
